
Microsoft Visual Studio Solution File, Format Version 12.00
# Visual Studio Version 17
VisualStudioVersion = 17.8.34525.116
MinimumVisualStudioVersion = 10.0.40219.1
Project("{9A19103F-16F7-4668-BE54-9A1E7A4F7556}") = "Forms(CRUD)", "Forms(CRUD)\Forms(CRUD).csproj", "{9DDBB449-6F26-405F-A775-7C23E364D448}"
EndProject
Global
	GlobalSection(SolutionConfigurationPlatforms) = preSolution
		Debug|Any CPU = Debug|Any CPU
		Release|Any CPU = Release|Any CPU
	EndGlobalSection
	GlobalSection(ProjectConfigurationPlatforms) = postSolution
		{9DDBB449-6F26-405F-A775-7C23E364D448}.Debug|Any CPU.ActiveCfg = Debug|Any CPU
		{9DDBB449-6F26-405F-A775-7C23E364D448}.Debug|Any CPU.Build.0 = Debug|Any CPU
		{9DDBB449-6F26-405F-A775-7C23E364D448}.Release|Any CPU.ActiveCfg = Release|Any CPU
		{9DDBB449-6F26-405F-A775-7C23E364D448}.Release|Any CPU.Build.0 = Release|Any CPU
	EndGlobalSection
	GlobalSection(SolutionProperties) = preSolution
		HideSolutionNode = FALSE
	EndGlobalSection
	GlobalSection(ExtensibilityGlobals) = postSolution
		SolutionGuid = {4E9545F7-3D74-4049-935A-2EBDBDBEABFA}
	EndGlobalSection
EndGlobal
